
Microsoft Visual Studio Solution File, Format Version 12.00
# Visual Studio 15
VisualStudioVersion = 15.0.28307.271
MinimumVisualStudioVersion = 10.0.40219.1
Project("{D2ABAB84-BF74-430A-B69E-9DC6D40DDA17}") = "ITSLAProject", "ITSLAProject\ITSLAProject.dwproj", "{FCC299E9-DB76-4844-8C85-126BA80DCB34}"
EndProject
Global
	GlobalSection(SolutionConfigurationPlatforms) = preSolution
		Development|Default = Development|Default
	EndGlobalSection
	GlobalSection(ProjectConfigurationPlatforms) = postSolution
		{FCC299E9-DB76-4844-8C85-126BA80DCB34}.Development|Default.ActiveCfg = Development
		{FCC299E9-DB76-4844-8C85-126BA80DCB34}.Development|Default.Build.0 = Development
		{FCC299E9-DB76-4844-8C85-126BA80DCB34}.Development|Default.Deploy.0 = Development
	EndGlobalSection
	GlobalSection(SolutionProperties) = preSolution
		HideSolutionNode = FALSE
	EndGlobalSection
	GlobalSection(ExtensibilityGlobals) = postSolution
		SolutionGuid = {3AA06944-8AAC-4F48-A637-33D49E220173}
	EndGlobalSection
EndGlobal
